
Microsoft Visual Studio Solution File, Format Version 12.00
# Visual Studio Version 16
VisualStudioVersion = 16.0.32510.428
MinimumVisualStudioVersion = 10.0.40219.1
Project("{8BC9CEB8-8B4A-11D0-8D11-00A0C91BC942}") = "Laba 1 SP", "Laba 1 SP\Laba 1 SP.vcxproj", "{AAC3AA77-2F46-4C9A-8B6D-310BE3BEA33F}"
EndProject
Global
	GlobalSection(SolutionConfigurationPlatforms) = preSolution
		Debug|x64 = Debug|x64
		Debug|x86 = Debug|x86
		Release|x64 = Release|x64
		Release|x86 = Release|x86
	EndGlobalSection
	GlobalSection(ProjectConfigurationPlatforms) = postSolution
		{AAC3AA77-2F46-4C9A-8B6D-310BE3BEA33F}.Debug|x64.ActiveCfg = Debug|x64
		{AAC3AA77-2F46-4C9A-8B6D-310BE3BEA33F}.Debug|x64.Build.0 = Debug|x64
		{AAC3AA77-2F46-4C9A-8B6D-310BE3BEA33F}.Debug|x86.ActiveCfg = Debug|Win32
		{AAC3AA77-2F46-4C9A-8B6D-310BE3BEA33F}.Debug|x86.Build.0 = Debug|Win32
		{AAC3AA77-2F46-4C9A-8B6D-310BE3BEA33F}.Release|x64.ActiveCfg = Release|x64
		{AAC3AA77-2F46-4C9A-8B6D-310BE3BEA33F}.Release|x64.Build.0 = Release|x64
		{AAC3AA77-2F46-4C9A-8B6D-310BE3BEA33F}.Release|x86.ActiveCfg = Release|Win32
		{AAC3AA77-2F46-4C9A-8B6D-310BE3BEA33F}.Release|x86.Build.0 = Release|Win32
	EndGlobalSection
	GlobalSection(SolutionProperties) = preSolution
		HideSolutionNode = FALSE
	EndGlobalSection
	GlobalSection(ExtensibilityGlobals) = postSolution
		SolutionGuid = {071456F2-A3D7-4779-A2C2-748262772F67}
	EndGlobalSection
EndGlobal
